<?xml version="1.0" encoding="utf-8"?>
<Project ToolsVersion="4.0" xmlns="http://schemas.microsoft.com/developer/msbuild/2003">
  <ItemGroup>
    <Filter Include="소스 파일">
      <UniqueIdentifier>{4FC737F1-C7A5-4376-A066-2A32D752A2FF}</UniqueIdentifier>
      <Extensions>cpp;c;cc;cxx;c++;cppm;ixx;def;odl;idl;hpj;bat;asm;asmx</Extensions>
    </Filter>
    <Filter Include="헤더 파일">
      <UniqueIdentifier>{93995380-89BD-4b04-88EB-625FBE52EBFB}</UniqueIdentifier>
      <Extensions>h;hh;hpp;hxx;h++;hm;inl;inc;ipp;xsd</Extensions>
    </Filter>
    <Filter Include="리소스 파일">
      <UniqueIdentifier>{67DA6AB6-F800-4c08-8B7A-83BB121AAD01}</UniqueIdentifier>
      <Extensions>rc;ico;cur;bmp;dlg;rc2;rct;bin;rgs;gif;jpg;jpeg;jpe;resx;tiff;tif;png;wav;mfcribbon-ms</Extensions>
    </Filter>
    <Filter Include="소스 파일\scene">
      <UniqueIdentifier>{5582228d-7590-4a00-8e1e-b42a20979433}</UniqueIdentifier>
    </Filter>
    <Filter Include="소스 파일\framework">
      <UniqueIdentifier>{3464559b-6295-4dc9-aea7-299b16af3d51}</UniqueIdentifier>
    </Filter>
  </ItemGroup>
  <ItemGroup>
    <ClCompile Include="Framework\Variables.cpp">
      <Filter>소스 파일</Filter>
    </ClCompile>
    <ClCompile Include="Framework\AnimationClip.cpp">
      <Filter>소스 파일</Filter>
    </ClCompile>
    <ClCompile Include="Framework\Animator.cpp">
      <Filter>소스 파일</Filter>
    </ClCompile>
    <ClCompile Include="AniPlayer.cpp">
      <Filter>소스 파일</Filter>
    </ClCompile>
    <ClCompile Include="item.cpp">
      <Filter>소스 파일</Filter>
    </ClCompile>
    <ClCompile Include="Jelly.cpp">
      <Filter>소스 파일</Filter>
    </ClCompile>
    <ClCompile Include="Obstacle.cpp">
      <Filter>소스 파일</Filter>
    </ClCompile>
    <ClCompile Include="Scenes\SceneDev1.cpp">
      <Filter>소스 파일\scene</Filter>
    </ClCompile>
    <ClCompile Include="Scenes\SceneDev2.cpp">
      <Filter>소스 파일\scene</Filter>
    </ClCompile>
    <ClCompile Include="Scenes\SceneGame.cpp">
      <Filter>소스 파일\scene</Filter>
    </ClCompile>
    <ClCompile Include="Scenes\SceneGameOver.cpp">
      <Filter>소스 파일\scene</Filter>
    </ClCompile>
    <ClCompile Include="Scenes\SceneTitle.cpp">
      <Filter>소스 파일\scene</Filter>
    </ClCompile>
    <ClCompile Include="UiHud.cpp">
      <Filter>소스 파일\framework</Filter>
    </ClCompile>
    <ClCompile Include="Framework\SpriteGo.cpp">
      <Filter>소스 파일\framework</Filter>
    </ClCompile>
    <ClCompile Include="Framework\Scene.cpp">
      <Filter>소스 파일\framework</Filter>
    </ClCompile>
    <ClCompile Include="Framework\SceneMgr.cpp">
      <Filter>소스 파일\framework</Filter>
    </ClCompile>
    <ClCompile Include="main.cpp">
      <Filter>소스 파일\framework</Filter>
    </ClCompile>
    <ClCompile Include="Framework\InputMgr.cpp">
      <Filter>소스 파일\framework</Filter>
    </ClCompile>
    <ClCompile Include="Framework\GameObject.cpp">
      <Filter>소스 파일\framework</Filter>
    </ClCompile>
    <ClCompile Include="Framework\HitBox.cpp">
      <Filter>소스 파일\framework</Filter>
    </ClCompile>
    <ClCompile Include="Framework\Framework.cpp">
      <Filter>소스 파일\framework</Filter>
    </ClCompile>
    <ClCompile Include="Framework\TextGo.cpp">
      <Filter>소스 파일\framework</Filter>
    </ClCompile>
    <ClCompile Include="stdafx.cpp">
      <Filter>소스 파일\framework</Filter>
    </ClCompile>
    <ClCompile Include="Framework\Utils.cpp">
      <Filter>소스 파일\framework</Filter>
    </ClCompile>
    <ClCompile Include="Framework\SoundMgr.cpp">
      <Filter>소스 파일\framework</Filter>
    </ClCompile>
    <ClCompile Include="Scenes\SceneReady.cpp">
      <Filter>소스 파일\scene</Filter>
    </ClCompile>
    <ClCompile Include="Background.cpp">
      <Filter>소스 파일</Filter>
    </ClCompile>
    <ClCompile Include="Platform.cpp">
      <Filter>소스 파일</Filter>
    </ClCompile>
    <ClCompile Include="Pattern1.cpp">
      <Filter>소스 파일</Filter>
    </ClCompile>
    <ClCompile Include="Coin.cpp">
      <Filter>소스 파일</Filter>
    </ClCompile>
  </ItemGroup>
  <ItemGroup>
    <ClInclude Include="Framework\Variables.h">
      <Filter>헤더 파일</Filter>
    </ClInclude>
    <ClInclude Include="Framework\rapidcsv.h">
      <Filter>헤더 파일</Filter>
    </ClInclude>
    <ClInclude Include="Framework\AnimationClip.h">
      <Filter>헤더 파일</Filter>
    </ClInclude>
    <ClInclude Include="Framework\Animator.h">
      <Filter>헤더 파일</Filter>
    </ClInclude>
    <ClInclude Include="AniPlayer.h">
      <Filter>헤더 파일</Filter>
    </ClInclude>
    <ClInclude Include="item.h">
      <Filter>헤더 파일</Filter>
    </ClInclude>
    <ClInclude Include="Jelly.h">
      <Filter>헤더 파일</Filter>
    </ClInclude>
    <ClInclude Include="Obstacle.h">
      <Filter>헤더 파일</Filter>
    </ClInclude>
    <ClInclude Include="Scenes\SceneTitle.h">
      <Filter>소스 파일\scene</Filter>
    </ClInclude>
    <ClInclude Include="Scenes\SceneReady.h">
      <Filter>소스 파일\scene</Filter>
    </ClInclude>
    <ClInclude Include="Scenes\SceneGame.h">
      <Filter>소스 파일\scene</Filter>
    </ClInclude>
    <ClInclude Include="Scenes\SceneGameOver.h">
      <Filter>소스 파일\scene</Filter>
    </ClInclude>
    <ClInclude Include="Scenes\SceneDev1.h">
      <Filter>소스 파일\scene</Filter>
    </ClInclude>
    <ClInclude Include="Scenes\SceneDev2.h">
      <Filter>소스 파일\scene</Filter>
    </ClInclude>
    <ClInclude Include="Framework\Defines.h">
      <Filter>소스 파일\framework</Filter>
    </ClInclude>
    <ClInclude Include="Framework\Framework.h">
      <Filter>소스 파일\framework</Filter>
    </ClInclude>
    <ClInclude Include="Framework\GameObject.h">
      <Filter>소스 파일\framework</Filter>
    </ClInclude>
    <ClInclude Include="Framework\InputMgr.h">
      <Filter>소스 파일\framework</Filter>
    </ClInclude>
    <ClInclude Include="Framework\ResourceMgr.h">
      <Filter>소스 파일\framework</Filter>
    </ClInclude>
    <ClInclude Include="Framework\HitBox.h">
      <Filter>소스 파일\framework</Filter>
    </ClInclude>
    <ClInclude Include="Framework\Scene.h">
      <Filter>소스 파일\framework</Filter>
    </ClInclude>
    <ClInclude Include="Framework\SceneMgr.h">
      <Filter>소스 파일\framework</Filter>
    </ClInclude>
    <ClInclude Include="Framework\Singleton.h">
      <Filter>소스 파일\framework</Filter>
    </ClInclude>
    <ClInclude Include="Framework\SoundMgr.h">
      <Filter>소스 파일\framework</Filter>
    </ClInclude>
    <ClInclude Include="Framework\SpriteGo.h">
      <Filter>소스 파일\framework</Filter>
    </ClInclude>
    <ClInclude Include="Framework\TextGo.h">
      <Filter>소스 파일\framework</Filter>
    </ClInclude>
    <ClInclude Include="UiHud.h">
      <Filter>소스 파일\framework</Filter>
    </ClInclude>
    <ClInclude Include="Framework\Utils.h">
      <Filter>소스 파일\framework</Filter>
    </ClInclude>
    <ClInclude Include="stdafx.h">
      <Filter>소스 파일\framework</Filter>
    </ClInclude>
    <ClInclude Include="Background.h">
      <Filter>헤더 파일</Filter>
    </ClInclude>
    <ClInclude Include="Platform.h">
      <Filter>헤더 파일</Filter>
    </ClInclude>
    <ClInclude Include="Pattern1.h">
      <Filter>헤더 파일</Filter>
    </ClInclude>
    <ClInclude Include="Coin.h">
      <Filter>헤더 파일</Filter>
    </ClInclude>
  </ItemGroup>
</Project>